
Microsoft Visual Studio Solution File, Format Version 12.00
# Visual Studio 14
VisualStudioVersion = 14.0.24627.0
MinimumVisualStudioVersion = 10.0.40219.1
Project("{2150E333-8FDC-42A3-9474-1A3956D46DE8}") = "Solution Items", "Solution Items", "{053672D2-EA31-4F46-A2EB-09B73FCFF0D1}"
	ProjectSection(SolutionItems) = preProject
		.editorconfig = .editorconfig
		README.md = README.md
	EndProjectSection
EndProject
Project("{FAE04EC0-301F-11D3-BF4B-00C04F79EFBC}") = "Falcor", "src\Falcor\Falcor.csproj", "{CF5C06BE-467B-40BA-8F60-0F292FA067A2}"
EndProject
Project("{FAE04EC0-301F-11D3-BF4B-00C04F79EFBC}") = "Falcor.Client", "src\Falcor.Client\Falcor.Client.csproj", "{6208068B-EA00-40DC-B536-54E759C44988}"
EndProject
Project("{FAE04EC0-301F-11D3-BF4B-00C04F79EFBC}") = "Falcor.Server", "src\Falcor.Server\Falcor.Server.csproj", "{89CD64B4-7B29-4B69-94E1-06D1F974297D}"
EndProject
Project("{2150E333-8FDC-42A3-9474-1A3956D46DE8}") = "Inactive", "Inactive", "{0D5D3DFC-B309-46AB-B296-D18A3EA05A2B}"
EndProject
Project("{FAE04EC0-301F-11D3-BF4B-00C04F79EFBC}") = "Falcor.Tests", "src\Falcor.Tests\Falcor.Tests.csproj", "{8DEB1233-F633-4E54-9E29-F3636DCA4108}"
EndProject
Project("{2150E333-8FDC-42A3-9474-1A3956D46DE8}") = "Build", "Build", "{9163BDCE-4F94-4398-A806-400438A3075D}"
	ProjectSection(SolutionItems) = preProject
		build\base.nuspec = build\base.nuspec
		build.cmd = build.cmd
		build\build.fsx = build\build.fsx
		build\buildHelpers.fsx = build\buildHelpers.fsx
	EndProjectSection
EndProject
Project("{FAE04EC0-301F-11D3-BF4B-00C04F79EFBC}") = "Falcor.Server.Owin", "src\Falcor.Server.Owin\Falcor.Server.Owin.csproj", "{932D3A57-CCC8-466D-8FBD-1C1833661ED8}"
EndProject
Project("{2150E333-8FDC-42A3-9474-1A3956D46DE8}") = "Examples", "Examples", "{92F30E2D-B622-4682-9C44-05053AC5929F}"
EndProject
Project("{FAE04EC0-301F-11D3-BF4B-00C04F79EFBC}") = "Falcor.Examples.Netflix", "examples\Falcor.Examples.Netflix\Falcor.Examples.Netflix.csproj", "{1340268A-0765-4DC7-AA70-8D6C1EEF7637}"
EndProject
Project("{FAE04EC0-301F-11D3-BF4B-00C04F79EFBC}") = "Falcor.Examples.Netflix.Web", "examples\Falcor.Examples.Netflix.Web\Falcor.Examples.Netflix.Web.csproj", "{EA64778E-8B66-443D-B6F4-307834DB6A92}"
EndProject
Global
	GlobalSection(SolutionConfigurationPlatforms) = preSolution
		Debug|Any CPU = Debug|Any CPU
		Release|Any CPU = Release|Any CPU
	EndGlobalSection
	GlobalSection(ProjectConfigurationPlatforms) = postSolution
		{CF5C06BE-467B-40BA-8F60-0F292FA067A2}.Debug|Any CPU.ActiveCfg = Debug|Any CPU
		{CF5C06BE-467B-40BA-8F60-0F292FA067A2}.Debug|Any CPU.Build.0 = Debug|Any CPU
		{CF5C06BE-467B-40BA-8F60-0F292FA067A2}.Release|Any CPU.ActiveCfg = Release|Any CPU
		{CF5C06BE-467B-40BA-8F60-0F292FA067A2}.Release|Any CPU.Build.0 = Release|Any CPU
		{6208068B-EA00-40DC-B536-54E759C44988}.Debug|Any CPU.ActiveCfg = Debug|Any CPU
		{6208068B-EA00-40DC-B536-54E759C44988}.Debug|Any CPU.Build.0 = Debug|Any CPU
		{6208068B-EA00-40DC-B536-54E759C44988}.Release|Any CPU.ActiveCfg = Release|Any CPU
		{6208068B-EA00-40DC-B536-54E759C44988}.Release|Any CPU.Build.0 = Release|Any CPU
		{89CD64B4-7B29-4B69-94E1-06D1F974297D}.Debug|Any CPU.ActiveCfg = Debug|Any CPU
		{89CD64B4-7B29-4B69-94E1-06D1F974297D}.Debug|Any CPU.Build.0 = Debug|Any CPU
		{89CD64B4-7B29-4B69-94E1-06D1F974297D}.Release|Any CPU.ActiveCfg = Release|Any CPU
		{89CD64B4-7B29-4B69-94E1-06D1F974297D}.Release|Any CPU.Build.0 = Release|Any CPU
		{8DEB1233-F633-4E54-9E29-F3636DCA4108}.Debug|Any CPU.ActiveCfg = Debug|Any CPU
		{8DEB1233-F633-4E54-9E29-F3636DCA4108}.Debug|Any CPU.Build.0 = Debug|Any CPU
		{8DEB1233-F633-4E54-9E29-F3636DCA4108}.Release|Any CPU.ActiveCfg = Release|Any CPU
		{8DEB1233-F633-4E54-9E29-F3636DCA4108}.Release|Any CPU.Build.0 = Release|Any CPU
		{932D3A57-CCC8-466D-8FBD-1C1833661ED8}.Debug|Any CPU.ActiveCfg = Debug|Any CPU
		{932D3A57-CCC8-466D-8FBD-1C1833661ED8}.Debug|Any CPU.Build.0 = Debug|Any CPU
		{932D3A57-CCC8-466D-8FBD-1C1833661ED8}.Release|Any CPU.ActiveCfg = Release|Any CPU
		{932D3A57-CCC8-466D-8FBD-1C1833661ED8}.Release|Any CPU.Build.0 = Release|Any CPU
		{1340268A-0765-4DC7-AA70-8D6C1EEF7637}.Debug|Any CPU.ActiveCfg = Debug|Any CPU
		{1340268A-0765-4DC7-AA70-8D6C1EEF7637}.Debug|Any CPU.Build.0 = Debug|Any CPU
		{1340268A-0765-4DC7-AA70-8D6C1EEF7637}.Release|Any CPU.ActiveCfg = Release|Any CPU
		{1340268A-0765-4DC7-AA70-8D6C1EEF7637}.Release|Any CPU.Build.0 = Release|Any CPU
		{EA64778E-8B66-443D-B6F4-307834DB6A92}.Debug|Any CPU.ActiveCfg = Debug|Any CPU
		{EA64778E-8B66-443D-B6F4-307834DB6A92}.Debug|Any CPU.Build.0 = Debug|Any CPU
		{EA64778E-8B66-443D-B6F4-307834DB6A92}.Release|Any CPU.ActiveCfg = Release|Any CPU
		{EA64778E-8B66-443D-B6F4-307834DB6A92}.Release|Any CPU.Build.0 = Release|Any CPU
	EndGlobalSection
	GlobalSection(SolutionProperties) = preSolution
		HideSolutionNode = FALSE
	EndGlobalSection
	GlobalSection(NestedProjects) = preSolution
		{6208068B-EA00-40DC-B536-54E759C44988} = {0D5D3DFC-B309-46AB-B296-D18A3EA05A2B}
		{1340268A-0765-4DC7-AA70-8D6C1EEF7637} = {92F30E2D-B622-4682-9C44-05053AC5929F}
		{EA64778E-8B66-443D-B6F4-307834DB6A92} = {92F30E2D-B622-4682-9C44-05053AC5929F}
	EndGlobalSection
EndGlobal
